
Microsoft Visual Studio Solution File, Format Version 12.00
# Visual Studio 2013
VisualStudioVersion = 12.0.31101.0
MinimumVisualStudioVersion = 10.0.40219.1
Project("{FAE04EC0-301F-11D3-BF4B-00C04F79EFBC}") = "Nancy.Rollbar", "Nancy.Rollbar/Nancy.Rollbar.csproj", "{C1CFF2FF-D525-4ACC-B6D7-82C9A1DA578A}"
EndProject
Project("{FAE04EC0-301F-11D3-BF4B-00C04F79EFBC}") = "Nancy.Rollbar.Tests", "Nancy.Rollbar.Tests\Nancy.Rollbar.Tests.csproj", "{6BD7D7CE-6756-4535-A336-6B9A1D0E738A}"
EndProject
Global
	GlobalSection(SolutionConfigurationPlatforms) = preSolution
		Debug|Any CPU = Debug|Any CPU
		Release|Any CPU = Release|Any CPU
	EndGlobalSection
	GlobalSection(ProjectConfigurationPlatforms) = postSolution
		{C1CFF2FF-D525-4ACC-B6D7-82C9A1DA578A}.Debug|Any CPU.ActiveCfg = Debug|Any CPU
		{C1CFF2FF-D525-4ACC-B6D7-82C9A1DA578A}.Debug|Any CPU.Build.0 = Debug|Any CPU
		{C1CFF2FF-D525-4ACC-B6D7-82C9A1DA578A}.Release|Any CPU.ActiveCfg = Release|Any CPU
		{C1CFF2FF-D525-4ACC-B6D7-82C9A1DA578A}.Release|Any CPU.Build.0 = Release|Any CPU
		{6BD7D7CE-6756-4535-A336-6B9A1D0E738A}.Debug|Any CPU.ActiveCfg = Debug|Any CPU
		{6BD7D7CE-6756-4535-A336-6B9A1D0E738A}.Debug|Any CPU.Build.0 = Debug|Any CPU
		{6BD7D7CE-6756-4535-A336-6B9A1D0E738A}.Release|Any CPU.ActiveCfg = Release|Any CPU
		{6BD7D7CE-6756-4535-A336-6B9A1D0E738A}.Release|Any CPU.Build.0 = Release|Any CPU
	EndGlobalSection
	GlobalSection(SolutionProperties) = preSolution
		HideSolutionNode = FALSE
	EndGlobalSection
EndGlobal
